
Microsoft Visual Studio Solution File, Format Version 12.00
# Visual Studio Version 17
VisualStudioVersion = 17.0.31903.59
MinimumVisualStudioVersion = 10.0.40219.1
Project("{FAE04EC0-301F-11D3-BF4B-00C04F79EFBC}") = "Ecommerce.API", "Ecommerce.API\Ecommerce.API.csproj", "{EDF4B95D-7440-44DB-9827-374E6B7D293B}"
EndProject
Project("{FAE04EC0-301F-11D3-BF4B-00C04F79EFBC}") = "Ecommerce.Application", "Ecommerce.Application\Ecommerce.Application.csproj", "{BAE8A76D-BF5F-49F4-B4B7-7FD0336DAA8A}"
EndProject
Project("{FAE04EC0-301F-11D3-BF4B-00C04F79EFBC}") = "Ecommerce.Domain", "Ecommerce.Domain\Ecommerce.Domain.csproj", "{9107BD62-F632-4BA1-A316-93BE289507B0}"
EndProject
Project("{FAE04EC0-301F-11D3-BF4B-00C04F79EFBC}") = "Ecommerce.Infrastructure", "Ecommerce.Infrastructure\Ecommerce.Infrastructure.csproj", "{DF599485-D641-4A5A-B80A-18F6C05FFA6B}"
EndProject
Global
	GlobalSection(SolutionConfigurationPlatforms) = preSolution
		Debug|Any CPU = Debug|Any CPU
		Debug|x64 = Debug|x64
		Debug|x86 = Debug|x86
		Release|Any CPU = Release|Any CPU
		Release|x64 = Release|x64
		Release|x86 = Release|x86
	EndGlobalSection
	GlobalSection(ProjectConfigurationPlatforms) = postSolution
		{EDF4B95D-7440-44DB-9827-374E6B7D293B}.Debug|Any CPU.ActiveCfg = Debug|Any CPU
		{EDF4B95D-7440-44DB-9827-374E6B7D293B}.Debug|Any CPU.Build.0 = Debug|Any CPU
		{EDF4B95D-7440-44DB-9827-374E6B7D293B}.Debug|x64.ActiveCfg = Debug|Any CPU
		{EDF4B95D-7440-44DB-9827-374E6B7D293B}.Debug|x64.Build.0 = Debug|Any CPU
		{EDF4B95D-7440-44DB-9827-374E6B7D293B}.Debug|x86.ActiveCfg = Debug|Any CPU
		{EDF4B95D-7440-44DB-9827-374E6B7D293B}.Debug|x86.Build.0 = Debug|Any CPU
		{EDF4B95D-7440-44DB-9827-374E6B7D293B}.Release|Any CPU.ActiveCfg = Release|Any CPU
		{EDF4B95D-7440-44DB-9827-374E6B7D293B}.Release|Any CPU.Build.0 = Release|Any CPU
		{EDF4B95D-7440-44DB-9827-374E6B7D293B}.Release|x64.ActiveCfg = Release|Any CPU
		{EDF4B95D-7440-44DB-9827-374E6B7D293B}.Release|x64.Build.0 = Release|Any CPU
		{EDF4B95D-7440-44DB-9827-374E6B7D293B}.Release|x86.ActiveCfg = Release|Any CPU
		{EDF4B95D-7440-44DB-9827-374E6B7D293B}.Release|x86.Build.0 = Release|Any CPU
		{BAE8A76D-BF5F-49F4-B4B7-7FD0336DAA8A}.Debug|Any CPU.ActiveCfg = Debug|Any CPU
		{BAE8A76D-BF5F-49F4-B4B7-7FD0336DAA8A}.Debug|Any CPU.Build.0 = Debug|Any CPU
		{BAE8A76D-BF5F-49F4-B4B7-7FD0336DAA8A}.Debug|x64.ActiveCfg = Debug|Any CPU
		{BAE8A76D-BF5F-49F4-B4B7-7FD0336DAA8A}.Debug|x64.Build.0 = Debug|Any CPU
		{BAE8A76D-BF5F-49F4-B4B7-7FD0336DAA8A}.Debug|x86.ActiveCfg = Debug|Any CPU
		{BAE8A76D-BF5F-49F4-B4B7-7FD0336DAA8A}.Debug|x86.Build.0 = Debug|Any CPU
		{BAE8A76D-BF5F-49F4-B4B7-7FD0336DAA8A}.Release|Any CPU.ActiveCfg = Release|Any CPU
		{BAE8A76D-BF5F-49F4-B4B7-7FD0336DAA8A}.Release|Any CPU.Build.0 = Release|Any CPU
		{BAE8A76D-BF5F-49F4-B4B7-7FD0336DAA8A}.Release|x64.ActiveCfg = Release|Any CPU
		{BAE8A76D-BF5F-49F4-B4B7-7FD0336DAA8A}.Release|x64.Build.0 = Release|Any CPU
		{BAE8A76D-BF5F-49F4-B4B7-7FD0336DAA8A}.Release|x86.ActiveCfg = Release|Any CPU
		{BAE8A76D-BF5F-49F4-B4B7-7FD0336DAA8A}.Release|x86.Build.0 = Release|Any CPU
		{9107BD62-F632-4BA1-A316-93BE289507B0}.Debug|Any CPU.ActiveCfg = Debug|Any CPU
		{9107BD62-F632-4BA1-A316-93BE289507B0}.Debug|Any CPU.Build.0 = Debug|Any CPU
		{9107BD62-F632-4BA1-A316-93BE289507B0}.Debug|x64.ActiveCfg = Debug|Any CPU
		{9107BD62-F632-4BA1-A316-93BE289507B0}.Debug|x64.Build.0 = Debug|Any CPU
		{9107BD62-F632-4BA1-A316-93BE289507B0}.Debug|x86.ActiveCfg = Debug|Any CPU
		{9107BD62-F632-4BA1-A316-93BE289507B0}.Debug|x86.Build.0 = Debug|Any CPU
		{9107BD62-F632-4BA1-A316-93BE289507B0}.Release|Any CPU.ActiveCfg = Release|Any CPU
		{9107BD62-F632-4BA1-A316-93BE289507B0}.Release|Any CPU.Build.0 = Release|Any CPU
		{9107BD62-F632-4BA1-A316-93BE289507B0}.Release|x64.ActiveCfg = Release|Any CPU
		{9107BD62-F632-4BA1-A316-93BE289507B0}.Release|x64.Build.0 = Release|Any CPU
		{9107BD62-F632-4BA1-A316-93BE289507B0}.Release|x86.ActiveCfg = Release|Any CPU
		{9107BD62-F632-4BA1-A316-93BE289507B0}.Release|x86.Build.0 = Release|Any CPU
		{DF599485-D641-4A5A-B80A-18F6C05FFA6B}.Debug|Any CPU.ActiveCfg = Debug|Any CPU
		{DF599485-D641-4A5A-B80A-18F6C05FFA6B}.Debug|Any CPU.Build.0 = Debug|Any CPU
		{DF599485-D641-4A5A-B80A-18F6C05FFA6B}.Debug|x64.ActiveCfg = Debug|Any CPU
		{DF599485-D641-4A5A-B80A-18F6C05FFA6B}.Debug|x64.Build.0 = Debug|Any CPU
		{DF599485-D641-4A5A-B80A-18F6C05FFA6B}.Debug|x86.ActiveCfg = Debug|Any CPU
		{DF599485-D641-4A5A-B80A-18F6C05FFA6B}.Debug|x86.Build.0 = Debug|Any CPU
		{DF599485-D641-4A5A-B80A-18F6C05FFA6B}.Release|Any CPU.ActiveCfg = Release|Any CPU
		{DF599485-D641-4A5A-B80A-18F6C05FFA6B}.Release|Any CPU.Build.0 = Release|Any CPU
		{DF599485-D641-4A5A-B80A-18F6C05FFA6B}.Release|x64.ActiveCfg = Release|Any CPU
		{DF599485-D641-4A5A-B80A-18F6C05FFA6B}.Release|x64.Build.0 = Release|Any CPU
		{DF599485-D641-4A5A-B80A-18F6C05FFA6B}.Release|x86.ActiveCfg = Release|Any CPU
		{DF599485-D641-4A5A-B80A-18F6C05FFA6B}.Release|x86.Build.0 = Release|Any CPU
	EndGlobalSection
	GlobalSection(SolutionProperties) = preSolution
		HideSolutionNode = FALSE
	EndGlobalSection
EndGlobal
